
Microsoft Visual Studio Solution File, Format Version 12.00
# Visual Studio Version 17
VisualStudioVersion = 17.0.32112.339
MinimumVisualStudioVersion = 10.0.40219.1
Project("{F184B08F-C81C-45F6-A57F-5ABD9991F28F}") = "TempHum", "TempHum.vbproj", "{F60A12C0-4AE0-4790-AA8C-1A6B046BCD74}"
EndProject
Global
	GlobalSection(SolutionConfigurationPlatforms) = preSolution
		Debug|Any CPU = Debug|Any CPU
		Release|Any CPU = Release|Any CPU
	EndGlobalSection
	GlobalSection(ProjectConfigurationPlatforms) = postSolution
		{F60A12C0-4AE0-4790-AA8C-1A6B046BCD74}.Debug|Any CPU.ActiveCfg = Debug|Any CPU
		{F60A12C0-4AE0-4790-AA8C-1A6B046BCD74}.Debug|Any CPU.Build.0 = Debug|Any CPU
		{F60A12C0-4AE0-4790-AA8C-1A6B046BCD74}.Release|Any CPU.ActiveCfg = Release|Any CPU
		{F60A12C0-4AE0-4790-AA8C-1A6B046BCD74}.Release|Any CPU.Build.0 = Release|Any CPU
	EndGlobalSection
	GlobalSection(SolutionProperties) = preSolution
		HideSolutionNode = FALSE
	EndGlobalSection
	GlobalSection(ExtensibilityGlobals) = postSolution
		SolutionGuid = {6EFF0D93-CCB2-475E-A257-5AD5B45C4F8F}
	EndGlobalSection
EndGlobal
