
Microsoft Visual Studio Solution File, Format Version 12.00
# Visual Studio Version 17
VisualStudioVersion = 17.0.32112.339
MinimumVisualStudioVersion = 10.0.40219.1
Project("{F184B08F-C81C-45F6-A57F-5ABD9991F28F}") = "ParticleCounter", "ParticleCounter.vbproj", "{AF163B65-BB76-41A7-8421-144EB0AD026B}"
EndProject
Global
	GlobalSection(SolutionConfigurationPlatforms) = preSolution
		Debug|Any CPU = Debug|Any CPU
		Release|Any CPU = Release|Any CPU
	EndGlobalSection
	GlobalSection(ProjectConfigurationPlatforms) = postSolution
		{AF163B65-BB76-41A7-8421-144EB0AD026B}.Debug|Any CPU.ActiveCfg = Debug|Any CPU
		{AF163B65-BB76-41A7-8421-144EB0AD026B}.Debug|Any CPU.Build.0 = Debug|Any CPU
		{AF163B65-BB76-41A7-8421-144EB0AD026B}.Release|Any CPU.ActiveCfg = Release|Any CPU
		{AF163B65-BB76-41A7-8421-144EB0AD026B}.Release|Any CPU.Build.0 = Release|Any CPU
	EndGlobalSection
	GlobalSection(SolutionProperties) = preSolution
		HideSolutionNode = FALSE
	EndGlobalSection
	GlobalSection(ExtensibilityGlobals) = postSolution
		SolutionGuid = {1C140210-9AC3-4DA5-BB05-C88523DD8084}
	EndGlobalSection
EndGlobal
