
Microsoft Visual Studio Solution File, Format Version 12.00
# Visual Studio Version 17
VisualStudioVersion = 17.3.32929.385
MinimumVisualStudioVersion = 10.0.40219.1
Project("{F184B08F-C81C-45F6-A57F-5ABD9991F28F}") = "EmailAlert", "EmailAlert\EmailAlert.vbproj", "{E7D53B3A-DADF-45E4-BF3B-951A48F00F95}"
EndProject
Global
	GlobalSection(SolutionConfigurationPlatforms) = preSolution
		Debug|Any CPU = Debug|Any CPU
		Release|Any CPU = Release|Any CPU
	EndGlobalSection
	GlobalSection(ProjectConfigurationPlatforms) = postSolution
		{E7D53B3A-DADF-45E4-BF3B-951A48F00F95}.Debug|Any CPU.ActiveCfg = Debug|Any CPU
		{E7D53B3A-DADF-45E4-BF3B-951A48F00F95}.Debug|Any CPU.Build.0 = Debug|Any CPU
		{E7D53B3A-DADF-45E4-BF3B-951A48F00F95}.Release|Any CPU.ActiveCfg = Release|Any CPU
		{E7D53B3A-DADF-45E4-BF3B-951A48F00F95}.Release|Any CPU.Build.0 = Release|Any CPU
	EndGlobalSection
	GlobalSection(SolutionProperties) = preSolution
		HideSolutionNode = FALSE
	EndGlobalSection
	GlobalSection(ExtensibilityGlobals) = postSolution
		SolutionGuid = {323B48E9-BD7E-44CA-B6E4-B5E3F7EE4BCB}
	EndGlobalSection
EndGlobal
